
Microsoft Visual Studio Solution File, Format Version 12.00
# Visual Studio Version 17
VisualStudioVersion = 17.10.35004.147
MinimumVisualStudioVersion = 10.0.40219.1
Project("{FAE04EC0-301F-11D3-BF4B-00C04F79EFBC}") = "CheatEnginePortableInstall", "CheatEnginePortableInstall.csproj", "{FDBC0044-35C4-48FD-8A25-04D604B71C5A}"
EndProject
Global
	GlobalSection(SolutionConfigurationPlatforms) = preSolution
		Debug|Any CPU = Debug|Any CPU
		Release|Any CPU = Release|Any CPU
	EndGlobalSection
	GlobalSection(ProjectConfigurationPlatforms) = postSolution
		{FDBC0044-35C4-48FD-8A25-04D604B71C5A}.Debug|Any CPU.ActiveCfg = Debug|Any CPU
		{FDBC0044-35C4-48FD-8A25-04D604B71C5A}.Debug|Any CPU.Build.0 = Debug|Any CPU
		{FDBC0044-35C4-48FD-8A25-04D604B71C5A}.Release|Any CPU.ActiveCfg = Release|Any CPU
		{FDBC0044-35C4-48FD-8A25-04D604B71C5A}.Release|Any CPU.Build.0 = Release|Any CPU
	EndGlobalSection
	GlobalSection(SolutionProperties) = preSolution
		HideSolutionNode = FALSE
	EndGlobalSection
	GlobalSection(ExtensibilityGlobals) = postSolution
		SolutionGuid = {00180F96-9B59-49AF-B8FC-45CF37C6F58D}
	EndGlobalSection
EndGlobal
